
Microsoft Visual Studio Solution File, Format Version 12.00
# Visual Studio Version 17
VisualStudioVersion = 17.12.35707.178 d17.12
MinimumVisualStudioVersion = 10.0.40219.1
Project("{FAE04EC0-301F-11D3-BF4B-00C04F79EFBC}") = "CircuitZone", "CircuitZone\CircuitZone\CircuitZone.csproj", "{5FECAF96-3C31-4AB9-B896-6F0041D65833}"
EndProject
Project("{FAE04EC0-301F-11D3-BF4B-00C04F79EFBC}") = "CircuitZone.Client", "CircuitZone\CircuitZone.Client\CircuitZone.Client.csproj", "{AB808935-2D69-41F4-B8F7-7FD77277E5A6}"
EndProject
Global
	GlobalSection(SolutionConfigurationPlatforms) = preSolution
		Debug|Any CPU = Debug|Any CPU
		Release|Any CPU = Release|Any CPU
	EndGlobalSection
	GlobalSection(ProjectConfigurationPlatforms) = postSolution
		{5FECAF96-3C31-4AB9-B896-6F0041D65833}.Debug|Any CPU.ActiveCfg = Debug|Any CPU
		{5FECAF96-3C31-4AB9-B896-6F0041D65833}.Debug|Any CPU.Build.0 = Debug|Any CPU
		{5FECAF96-3C31-4AB9-B896-6F0041D65833}.Release|Any CPU.ActiveCfg = Release|Any CPU
		{5FECAF96-3C31-4AB9-B896-6F0041D65833}.Release|Any CPU.Build.0 = Release|Any CPU
		{AB808935-2D69-41F4-B8F7-7FD77277E5A6}.Debug|Any CPU.ActiveCfg = Debug|Any CPU
		{AB808935-2D69-41F4-B8F7-7FD77277E5A6}.Debug|Any CPU.Build.0 = Debug|Any CPU
		{AB808935-2D69-41F4-B8F7-7FD77277E5A6}.Release|Any CPU.ActiveCfg = Release|Any CPU
		{AB808935-2D69-41F4-B8F7-7FD77277E5A6}.Release|Any CPU.Build.0 = Release|Any CPU
	EndGlobalSection
	GlobalSection(SolutionProperties) = preSolution
		HideSolutionNode = FALSE
	EndGlobalSection
EndGlobal
